{
  "name": "assets",
  "lockfileVersion": 3,
  "requires": true,
  "packages": {
    "": {
      "name": "assets",
      "license": "MIT",
      "dependencies": {
        "@popperjs/core": "^2.11.8",
        "amplitudejs": "^5.3.2",
        "bootstrap": "5.3.3",
        "extendable-media-recorder": "^9.2.21",
        "extendable-media-recorder-wav-encoder": "^7.0.121",
        "lamejs": "github:zhuker/lamejs#582bbba6a12f981b984d8fb9e1874499fed85675",
        "quill": "^2.0.3",
        "quill-image-compress": "^2.0.3"
      }
    },
    "node_modules/@babel/runtime": {
      "version": "7.26.9",
      "resolved": "https://registry.npmjs.org/@babel/runtime/-/runtime-7.26.9.tgz",
      "integrity": "sha512-aA63XwOkcl4xxQa3HjPMqOP6LiK0ZDv3mUPYEFXkpHbaFjtGggE1A61FjFzJnB+p7/oy2gA8E+rcBNl/zC1tMg==",
      "license": "MIT",
      "dependencies": {
        "regenerator-runtime": "^0.14.0"
      },
      "engines": {
        "node": ">=6.9.0"
      }
    },
    "node_modules/@popperjs/core": {
      "version": "2.11.8",
      "resolved": "https://registry.npmjs.org/@popperjs/core/-/core-2.11.8.tgz",
      "integrity": "sha512-P1st0aksCrn9sGZhp8GMYwBnQsbvAWsZAX44oXNNvLHGqAOcoVxmjZiohstwQ7SqKnbR47akdNi+uleWD8+g6A==",
      "funding": {
        "type": "opencollective",
        "url": "https://opencollective.com/popperjs"
      }
    },
    "node_modules/amplitudejs": {
      "version": "5.3.2",
      "resolved": "https://registry.npmjs.org/amplitudejs/-/amplitudejs-5.3.2.tgz",
      "integrity": "sha512-aRZqYMzRuZQ0Ua3ZtK5CTECE958meBfwzXZcx2Hn1itu2KwIB8giwsAPW52um0teewYBXZ5aTzy/wxy3E34e0g==",
      "funding": {
        "type": "opencollective",
        "url": "https://opencollective.com/amplitudejs"
      }
    },
    "node_modules/automation-events": {
      "version": "7.1.7",
      "resolved": "https://registry.npmjs.org/automation-events/-/automation-events-7.1.7.tgz",
      "integrity": "sha512-TK4cQrEssgJzrieUvF9vwpn+rryLP1Cb46LOQAiYl/4b5vtZ/vOWXaR7zxC3uMBrWj7MqhCGPlyTFgETrF5Ydw==",
      "license": "MIT",
      "dependencies": {
        "@babel/runtime": "^7.26.9",
        "tslib": "^2.8.1"
      },
      "engines": {
        "node": ">=18.2.0"
      }
    },
    "node_modules/bootstrap": {
      "version": "5.3.3",
      "resolved": "https://registry.npmjs.org/bootstrap/-/bootstrap-5.3.3.tgz",
      "integrity": "sha512-8HLCdWgyoMguSO9o+aH+iuZ+aht+mzW0u3HIMzVu7Srrpv7EBBxTnrFlSCskwdY1+EOFQSm7uMJhNQHkdPcmjg==",
      "funding": [
        {
          "type": "github",
          "url": "https://github.com/sponsors/twbs"
        },
        {
          "type": "opencollective",
          "url": "https://opencollective.com/bootstrap"
        }
      ],
      "peerDependencies": {
        "@popperjs/core": "^2.11.8"
      }
    },
    "node_modules/broker-factory": {
      "version": "3.1.3",
      "resolved": "https://registry.npmjs.org/broker-factory/-/broker-factory-3.1.3.tgz",
      "integrity": "sha512-mBxlMgW4Fk4nYDuwLTGtBt+TaHnxgnXW6bqW9D4L7mPEPSkvsfdEakzvsrIwy+quOU9eDl+ETAMVbaU1fSUKAQ==",
      "license": "MIT",
      "dependencies": {
        "@babel/runtime": "^7.26.9",
        "fast-unique-numbers": "^9.0.18",
        "tslib": "^2.8.1",
        "worker-factory": "^7.0.39"
      }
    },
    "node_modules/eventemitter3": {
      "version": "5.0.1",
      "resolved": "https://registry.npmjs.org/eventemitter3/-/eventemitter3-5.0.1.tgz",
      "integrity": "sha512-GWkBvjiSZK87ELrYOSESUYeVIc9mvLLf/nXalMOS5dYrgZq9o5OVkbZAVM06CVxYsCwH9BDZFPlQTlPA1j4ahA==",
      "license": "MIT"
    },
    "node_modules/extendable-media-recorder": {
      "version": "9.2.21",
      "resolved": "https://registry.npmjs.org/extendable-media-recorder/-/extendable-media-recorder-9.2.21.tgz",
      "integrity": "sha512-bnHuf5n+1th1VK54El8rJUKprHVWX6prFM2ZT4lzs+y1hY+cg8tww8+JX8OHvqSKaKe24OlPv9ND9AjY7vvuXQ==",
      "license": "MIT",
      "dependencies": {
        "@babel/runtime": "^7.26.9",
        "media-encoder-host": "^9.0.16",
        "multi-buffer-data-view": "^6.0.18",
        "recorder-audio-worklet": "^6.0.43",
        "standardized-audio-context": "^25.3.77",
        "subscribable-things": "^2.1.49",
        "tslib": "^2.8.1"
      }
    },
    "node_modules/extendable-media-recorder-wav-encoder": {
      "version": "7.0.121",
      "resolved": "https://registry.npmjs.org/extendable-media-recorder-wav-encoder/-/extendable-media-recorder-wav-encoder-7.0.121.tgz",
      "integrity": "sha512-IkNi2NxxCWaHfkxI1y+x4nBDx1m73uxpVV9DoRhcxnBO2u+4MJ3Sag0vVD8tduDEoSf/KzNy2rZGwVR4e0tw2w==",
      "license": "MIT",
      "dependencies": {
        "@babel/runtime": "^7.26.0",
        "extendable-media-recorder-wav-encoder-broker": "^7.0.111",
        "extendable-media-recorder-wav-encoder-worker": "^8.0.108",
        "tslib": "^2.8.1"
      }
    },
    "node_modules/extendable-media-recorder-wav-encoder-broker": {
      "version": "7.0.115",
      "resolved": "https://registry.npmjs.org/extendable-media-recorder-wav-encoder-broker/-/extendable-media-recorder-wav-encoder-broker-7.0.115.tgz",
      "integrity": "sha512-gto/LFc9eUKd+vZ1ZPInlhxExOR03QXo1td6KvxK/JCdTQSb1bo3DiOplaXWaPEznrIOEukeBgYmTmX73yZihQ==",
      "license": "MIT",
      "dependencies": {
        "@babel/runtime": "^7.26.9",
        "broker-factory": "^3.1.3",
        "extendable-media-recorder-wav-encoder-worker": "^8.0.112",
        "tslib": "^2.8.1"
      }
    },
    "node_modules/extendable-media-recorder-wav-encoder-worker": {
      "version": "8.0.112",
      "resolved": "https://registry.npmjs.org/extendable-media-recorder-wav-encoder-worker/-/extendable-media-recorder-wav-encoder-worker-8.0.112.tgz",
      "integrity": "sha512-H2Z9cAUcPNPwzNfJm8fWRM15+one+c/GCrof6TIg1AxuFVoPBSepTwAOMRX+gg99Gn2VxOI0Bm/JtMuPlxAPhA==",
      "license": "MIT",
      "dependencies": {
        "@babel/runtime": "^7.26.9",
        "tslib": "^2.8.1",
        "worker-factory": "^7.0.39"
      }
    },
    "node_modules/fast-diff": {
      "version": "1.3.0",
      "resolved": "https://registry.npmjs.org/fast-diff/-/fast-diff-1.3.0.tgz",
      "integrity": "sha512-VxPP4NqbUjj6MaAOafWeUn2cXWLcCtljklUtZf0Ind4XQ+QPtmA0b18zZy0jIQx+ExRVCR/ZQpBmik5lXshNsw==",
      "license": "Apache-2.0"
    },
    "node_modules/fast-unique-numbers": {
      "version": "9.0.18",
      "resolved": "https://registry.npmjs.org/fast-unique-numbers/-/fast-unique-numbers-9.0.18.tgz",
      "integrity": "sha512-+mCjhyigl+xn5jicnUMsA2R63xQQyEp8EzW1u7NOeVzq9ULNm59aB1oNYUsWJiv2wi07CyTyjiGXZejaMn5JhA==",
      "license": "MIT",
      "dependencies": {
        "@babel/runtime": "^7.26.9",
        "tslib": "^2.8.1"
      },
      "engines": {
        "node": ">=18.2.0"
      }
    },
    "node_modules/lamejs": {
      "version": "1.2.1",
      "resolved": "git+ssh://git@github.com/zhuker/lamejs.git#582bbba6a12f981b984d8fb9e1874499fed85675",
      "integrity": "sha512-nI39xY6IGQ4uzuFYHCt0jDziGBaYWMyrGrMcVyA/Ri6P9hkHmHThMLr0PELOPigRcEvbv2DuGtQuks56UwSZ8w==",
      "license": "LGPL-3.0",
      "dependencies": {
        "use-strict": "1.0.1"
      }
    },
    "node_modules/lodash-es": {
      "version": "4.17.21",
      "resolved": "https://registry.npmjs.org/lodash-es/-/lodash-es-4.17.21.tgz",
      "integrity": "sha512-mKnC+QJ9pWVzv+C4/U3rRsHapFfHvQFoFB92e52xeyGMcX6/OlIl78je1u8vePzYZSkkogMPJ2yjxxsb89cxyw==",
      "license": "MIT"
    },
    "node_modules/lodash.clonedeep": {
      "version": "4.5.0",
      "resolved": "https://registry.npmjs.org/lodash.clonedeep/-/lodash.clonedeep-4.5.0.tgz",
      "integrity": "sha512-H5ZhCF25riFd9uB5UCkVKo61m3S/xZk1x4wA6yp/L3RFP6Z/eHH1ymQcGLo7J3GMPfm0V/7m1tryHuGVxpqEBQ==",
      "license": "MIT"
    },
    "node_modules/lodash.isequal": {
      "version": "4.5.0",
      "resolved": "https://registry.npmjs.org/lodash.isequal/-/lodash.isequal-4.5.0.tgz",
      "integrity": "sha512-pDo3lu8Jhfjqls6GkMgpahsF9kCyayhgykjyLMNFTKWrpVdAQtYyB4muAMWozBB4ig/dtWAmsMxLEI8wuz+DYQ==",
      "license": "MIT"
    },
    "node_modules/media-encoder-host": {
      "version": "9.0.16",
      "resolved": "https://registry.npmjs.org/media-encoder-host/-/media-encoder-host-9.0.16.tgz",
      "integrity": "sha512-/imGVjCfVWEWNFlQfJiyqdiPiRwfLQTTJyH/NTRd849x25xWatGtntnZtPSE/MGdyz6Dv6iHuJ1jJmxjREDBKw==",
      "license": "MIT",
      "dependencies": {
        "@babel/runtime": "^7.26.9",
        "media-encoder-host-broker": "^8.0.15",
        "media-encoder-host-worker": "^10.0.15",
        "tslib": "^2.8.1"
      }
    },
    "node_modules/media-encoder-host-broker": {
      "version": "8.0.15",
      "resolved": "https://registry.npmjs.org/media-encoder-host-broker/-/media-encoder-host-broker-8.0.15.tgz",
      "integrity": "sha512-sNn/XWaLMKxDCnnhpjl5WYp9hHwZAfw9NXz8+n6d7SaZn4Vbxn7LjLiMteYcqOHodapE60PUUImtfVfUWuRh/g==",
      "license": "MIT",
      "dependencies": {
        "@babel/runtime": "^7.26.9",
        "broker-factory": "^3.1.3",
        "fast-unique-numbers": "^9.0.18",
        "media-encoder-host-worker": "^10.0.15",
        "tslib": "^2.8.1"
      }
    },
    "node_modules/media-encoder-host-worker": {
      "version": "10.0.15",
      "resolved": "https://registry.npmjs.org/media-encoder-host-worker/-/media-encoder-host-worker-10.0.15.tgz",
      "integrity": "sha512-wXD26QwsKohqhYYgQ+vzKJnGUQOpW2DPzo1JmyQSisd2+AsN/5feAmH7GxoNjObIhZQsctMcpOfOp7uwq161RA==",
      "license": "MIT",
      "dependencies": {
        "@babel/runtime": "^7.26.9",
        "extendable-media-recorder-wav-encoder-broker": "^7.0.115",
        "tslib": "^2.8.1",
        "worker-factory": "^7.0.39"
      }
    },
    "node_modules/multi-buffer-data-view": {
      "version": "6.0.18",
      "resolved": "https://registry.npmjs.org/multi-buffer-data-view/-/multi-buffer-data-view-6.0.18.tgz",
      "integrity": "sha512-g9fhhtlQZ8XuiqEs3CioiToNNzt3pENlAyKvipGu2enUYE4xmHwtWd8IJb3BnSJ7bbefcyZJFXiVBf2XYDdzHA==",
      "license": "MIT",
      "dependencies": {
        "@babel/runtime": "^7.26.9",
        "tslib": "^2.8.1"
      },
      "engines": {
        "node": ">=18.2.0"
      }
    },
    "node_modules/parchment": {
      "version": "3.0.0",
      "resolved": "https://registry.npmjs.org/parchment/-/parchment-3.0.0.tgz",
      "integrity": "sha512-HUrJFQ/StvgmXRcQ1ftY6VEZUq3jA2t9ncFN4F84J/vN0/FPpQF+8FKXb3l6fLces6q0uOHj6NJn+2xvZnxO6A==",
      "license": "BSD-3-Clause"
    },
    "node_modules/quill": {
      "version": "2.0.3",
      "resolved": "https://registry.npmjs.org/quill/-/quill-2.0.3.tgz",
      "integrity": "sha512-xEYQBqfYx/sfb33VJiKnSJp8ehloavImQ2A6564GAbqG55PGw1dAWUn1MUbQB62t0azawUS2CZZhWCjO8gRvTw==",
      "license": "BSD-3-Clause",
      "dependencies": {
        "eventemitter3": "^5.0.1",
        "lodash-es": "^4.17.21",
        "parchment": "^3.0.0",
        "quill-delta": "^5.1.0"
      },
      "engines": {
        "npm": ">=8.2.3"
      }
    },
    "node_modules/quill-delta": {
      "version": "5.1.0",
      "resolved": "https://registry.npmjs.org/quill-delta/-/quill-delta-5.1.0.tgz",
      "integrity": "sha512-X74oCeRI4/p0ucjb5Ma8adTXd9Scumz367kkMK5V/IatcX6A0vlgLgKbzXWy5nZmCGeNJm2oQX0d2Eqj+ZIlCA==",
      "license": "MIT",
      "dependencies": {
        "fast-diff": "^1.3.0",
        "lodash.clonedeep": "^4.5.0",
        "lodash.isequal": "^4.5.0"
      },
      "engines": {
        "node": ">= 12.0.0"
      }
    },
    "node_modules/quill-image-compress": {
      "version": "2.0.3",
      "resolved": "https://registry.npmjs.org/quill-image-compress/-/quill-image-compress-2.0.3.tgz",
      "integrity": "sha512-2kHzaLRXFZgbuCXLtj/f7Pvo9bpfwpvJp874Cz+sGOzjLZccQ8RwNdTpmd4tb2bfS5CxV9/qCykEZwVdzBvBjw==",
      "license": "MIT",
      "peerDependencies": {
        "quill": "^2.0.2"
      }
    },
    "node_modules/recorder-audio-worklet": {
      "version": "6.0.43",
      "resolved": "https://registry.npmjs.org/recorder-audio-worklet/-/recorder-audio-worklet-6.0.43.tgz",
      "integrity": "sha512-lPGeTuD+MbZkD/kBG7HFIRj9iTai40TuGaqcV/v/d6NNORfvibBuQGXcWoWQ3sUPvKKVJ9rOe+tWgkCr+1Hsxg==",
      "license": "MIT",
      "dependencies": {
        "@babel/runtime": "^7.26.9",
        "broker-factory": "^3.1.3",
        "fast-unique-numbers": "^9.0.18",
        "recorder-audio-worklet-processor": "^5.0.31",
        "standardized-audio-context": "^25.3.77",
        "subscribable-things": "^2.1.49",
        "tslib": "^2.8.1",
        "worker-factory": "^7.0.39"
      }
    },
    "node_modules/recorder-audio-worklet-processor": {
      "version": "5.0.31",
      "resolved": "https://registry.npmjs.org/recorder-audio-worklet-processor/-/recorder-audio-worklet-processor-5.0.31.tgz",
      "integrity": "sha512-qX8bfs9vj3VLPoyf8tig700knHTe8Iqf8sNPHVS6uQQz/72efF31rJ2J0qCYjTTuokzgxixBMSBSH7P00DxPVQ==",
      "license": "MIT",
      "dependencies": {
        "@babel/runtime": "^7.26.9",
        "tslib": "^2.8.1"
      }
    },
    "node_modules/regenerator-runtime": {
      "version": "0.14.1",
      "resolved": "https://registry.npmjs.org/regenerator-runtime/-/regenerator-runtime-0.14.1.tgz",
      "integrity": "sha512-dYnhHh0nJoMfnkZs6GmmhFknAGRrLznOu5nc9ML+EJxGvrx6H7teuevqVqCuPcPK//3eDrrjQhehXVx9cnkGdw=="
    },
    "node_modules/rxjs-interop": {
      "version": "2.0.0",
      "resolved": "https://registry.npmjs.org/rxjs-interop/-/rxjs-interop-2.0.0.tgz",
      "integrity": "sha512-ASEq9atUw7lualXB+knvgtvwkCEvGWV2gDD/8qnASzBkzEARZck9JAyxmY8OS6Nc1pCPEgDTKNcx+YqqYfzArw==",
      "license": "MIT"
    },
    "node_modules/standardized-audio-context": {
      "version": "25.3.77",
      "resolved": "https://registry.npmjs.org/standardized-audio-context/-/standardized-audio-context-25.3.77.tgz",
      "integrity": "sha512-Ki9zNz6pKcC5Pi+QPjPyVsD9GwJIJWgryji0XL9cAJXMGyn+dPOf6Qik1AHei0+UNVcc4BOCa0hWLBzlwqsW/A==",
      "license": "MIT",
      "dependencies": {
        "@babel/runtime": "^7.25.6",
        "automation-events": "^7.0.9",
        "tslib": "^2.7.0"
      }
    },
    "node_modules/subscribable-things": {
      "version": "2.1.49",
      "resolved": "https://registry.npmjs.org/subscribable-things/-/subscribable-things-2.1.49.tgz",
      "integrity": "sha512-kYyysfppl7D+5EmT7MgJtJt3rS743NaqhdRIlAo6DLluWXG/lTvX41QdPxFOAlGH38lh5FKhBnQHvV65fH4MzA==",
      "license": "MIT",
      "dependencies": {
        "@babel/runtime": "^7.26.9",
        "rxjs-interop": "^2.0.0",
        "tslib": "^2.8.1"
      }
    },
    "node_modules/tslib": {
      "version": "2.8.1",
      "resolved": "https://registry.npmjs.org/tslib/-/tslib-2.8.1.tgz",
      "integrity": "sha512-oJFu94HQb+KVduSUQL7wnpmqnfmLsOA/nAh6b6EH0wCEoK0/mPeXU6c3wKDV83MkOuHPRHtSXKKU99IBazS/2w=="
    },
    "node_modules/use-strict": {
      "version": "1.0.1",
      "resolved": "https://registry.npmjs.org/use-strict/-/use-strict-1.0.1.tgz",
      "integrity": "sha512-IeiWvvEXfW5ltKVMkxq6FvNf2LojMKvB2OCeja6+ct24S1XOmQw2dGr2JyndwACWAGJva9B7yPHwAmeA9QCqAQ=="
    },
    "node_modules/worker-factory": {
      "version": "7.0.39",
      "resolved": "https://registry.npmjs.org/worker-factory/-/worker-factory-7.0.39.tgz",
      "integrity": "sha512-UrCbghhZSu8ZjBwF0fmH+h7l8gK9LhBMcl2w6TpC22gQHi2YLXogJcW71aaldtVLSrbusAi526Oi5IHJgc9FdA==",
      "license": "MIT",
      "dependencies": {
        "@babel/runtime": "^7.26.9",
        "fast-unique-numbers": "^9.0.18",
        "tslib": "^2.8.1"
      }
    }
  }
}
