{
  "name": "assets",
  "lockfileVersion": 3,
  "requires": true,
  "packages": {
    "": {
      "name": "assets",
      "license": "MIT",
      "dependencies": {
        "@popperjs/core": "^2.11.8",
        "amplitudejs": "^5.3.2",
        "bootstrap": "5.3.7",
        "extendable-media-recorder": "^9.2.31",
        "extendable-media-recorder-wav-encoder": "^7.0.130",
        "lamejs": "github:zhuker/lamejs#582bbba6a12f981b984d8fb9e1874499fed85675",
        "quill": "^2.0.3",
        "quill-image-compress": "^2.0.3"
      }
    },
    "node_modules/@babel/runtime": {
      "version": "7.28.4",
      "resolved": "https://registry.npmjs.org/@babel/runtime/-/runtime-7.28.4.tgz",
      "integrity": "sha512-Q/N6JNWvIvPnLDvjlE1OUBLPQHH6l3CltCEsHIujp45zQUSSh8K+gHnaEX45yAT1nyngnINhvWtzN+Nb9D8RAQ==",
      "license": "MIT",
      "engines": {
        "node": ">=6.9.0"
      }
    },
    "node_modules/@popperjs/core": {
      "version": "2.11.8",
      "resolved": "https://registry.npmjs.org/@popperjs/core/-/core-2.11.8.tgz",
      "integrity": "sha512-P1st0aksCrn9sGZhp8GMYwBnQsbvAWsZAX44oXNNvLHGqAOcoVxmjZiohstwQ7SqKnbR47akdNi+uleWD8+g6A==",
      "funding": {
        "type": "opencollective",
        "url": "https://opencollective.com/popperjs"
      }
    },
    "node_modules/amplitudejs": {
      "version": "5.3.2",
      "resolved": "https://registry.npmjs.org/amplitudejs/-/amplitudejs-5.3.2.tgz",
      "integrity": "sha512-aRZqYMzRuZQ0Ua3ZtK5CTECE958meBfwzXZcx2Hn1itu2KwIB8giwsAPW52um0teewYBXZ5aTzy/wxy3E34e0g==",
      "funding": {
        "type": "opencollective",
        "url": "https://opencollective.com/amplitudejs"
      }
    },
    "node_modules/automation-events": {
      "version": "7.1.13",
      "resolved": "https://registry.npmjs.org/automation-events/-/automation-events-7.1.13.tgz",
      "integrity": "sha512-1Hay5TQPzxsskSqPTH3YXyzE9Iirz82zZDse2vr3+kOR7Sc7om17qIEPsESchlNX0EgKxANwR40i2g/O3GM1Tw==",
      "license": "MIT",
      "dependencies": {
        "@babel/runtime": "^7.28.4",
        "tslib": "^2.8.1"
      },
      "engines": {
        "node": ">=18.2.0"
      }
    },
    "node_modules/bootstrap": {
      "version": "5.3.7",
      "resolved": "https://registry.npmjs.org/bootstrap/-/bootstrap-5.3.7.tgz",
      "integrity": "sha512-7KgiD8UHjfcPBHEpDNg+zGz8L3LqR3GVwqZiBRFX04a1BCArZOz1r2kjly2HQ0WokqTO0v1nF+QAt8dsW4lKlw==",
      "funding": [
        {
          "type": "github",
          "url": "https://github.com/sponsors/twbs"
        },
        {
          "type": "opencollective",
          "url": "https://opencollective.com/bootstrap"
        }
      ],
      "license": "MIT",
      "peerDependencies": {
        "@popperjs/core": "^2.11.8"
      }
    },
    "node_modules/broker-factory": {
      "version": "3.1.10",
      "resolved": "https://registry.npmjs.org/broker-factory/-/broker-factory-3.1.10.tgz",
      "integrity": "sha512-BzqK5GYFhvVFvO13uzPN0SCiOsOQuhMUbsGvTXDJMA2/N4GvIlFdxEuueE+60Zk841bBU5G3+fl2cqYEo0wgGg==",
      "license": "MIT",
      "dependencies": {
        "@babel/runtime": "^7.28.4",
        "fast-unique-numbers": "^9.0.24",
        "tslib": "^2.8.1",
        "worker-factory": "^7.0.46"
      }
    },
    "node_modules/eventemitter3": {
      "version": "5.0.1",
      "resolved": "https://registry.npmjs.org/eventemitter3/-/eventemitter3-5.0.1.tgz",
      "integrity": "sha512-GWkBvjiSZK87ELrYOSESUYeVIc9mvLLf/nXalMOS5dYrgZq9o5OVkbZAVM06CVxYsCwH9BDZFPlQTlPA1j4ahA==",
      "license": "MIT"
    },
    "node_modules/extendable-media-recorder": {
      "version": "9.2.31",
      "resolved": "https://registry.npmjs.org/extendable-media-recorder/-/extendable-media-recorder-9.2.31.tgz",
      "integrity": "sha512-oznSghXWrRZcusZenD7aEsEnlEO/ZVOdIiNxyG53PlN3FZh8xXsR+TOzK8kPBEkfLg1twO/cO6qCqtJDQhWYng==",
      "license": "MIT",
      "dependencies": {
        "@babel/runtime": "^7.28.4",
        "media-encoder-host": "^9.0.23",
        "multi-buffer-data-view": "^6.0.24",
        "recorder-audio-worklet": "^6.0.51",
        "standardized-audio-context": "^25.3.77",
        "subscribable-things": "^2.1.55",
        "tslib": "^2.8.1"
      }
    },
    "node_modules/extendable-media-recorder-wav-encoder": {
      "version": "7.0.130",
      "resolved": "https://registry.npmjs.org/extendable-media-recorder-wav-encoder/-/extendable-media-recorder-wav-encoder-7.0.130.tgz",
      "integrity": "sha512-tVroIOesnMarsm+iIRiWUEYgmQj/lGqeMVNwJla7/tTVkX3ZPamh0NW59deILANwDIJq9lARLQmsUhyDWW57PA==",
      "license": "MIT",
      "dependencies": {
        "@babel/runtime": "^7.27.6",
        "extendable-media-recorder-wav-encoder-broker": "^7.0.120",
        "extendable-media-recorder-wav-encoder-worker": "^8.0.117",
        "tslib": "^2.8.1"
      }
    },
    "node_modules/extendable-media-recorder-wav-encoder-broker": {
      "version": "7.0.122",
      "resolved": "https://registry.npmjs.org/extendable-media-recorder-wav-encoder-broker/-/extendable-media-recorder-wav-encoder-broker-7.0.122.tgz",
      "integrity": "sha512-vupumv22Zb7WsUJ/K16SYrRTs/aTPc+48Smgd0Cq16IzH8eR7BiScp7ciFva04uZlWZtCtnYz8uLGJWrN+rlyA==",
      "license": "MIT",
      "dependencies": {
        "@babel/runtime": "^7.28.4",
        "broker-factory": "^3.1.10",
        "extendable-media-recorder-wav-encoder-worker": "^8.0.119",
        "tslib": "^2.8.1"
      }
    },
    "node_modules/extendable-media-recorder-wav-encoder-worker": {
      "version": "8.0.119",
      "resolved": "https://registry.npmjs.org/extendable-media-recorder-wav-encoder-worker/-/extendable-media-recorder-wav-encoder-worker-8.0.119.tgz",
      "integrity": "sha512-7RRdga3SvQ5k/KLuFPxZJl3wBe9vhanBVZD/2+STwHxfHkbbh3VLKv3rjtH7h4F2OYOEGCLLKKcfI5LFWiXA7g==",
      "license": "MIT",
      "dependencies": {
        "@babel/runtime": "^7.28.4",
        "tslib": "^2.8.1",
        "worker-factory": "^7.0.46"
      }
    },
    "node_modules/fast-diff": {
      "version": "1.3.0",
      "resolved": "https://registry.npmjs.org/fast-diff/-/fast-diff-1.3.0.tgz",
      "integrity": "sha512-VxPP4NqbUjj6MaAOafWeUn2cXWLcCtljklUtZf0Ind4XQ+QPtmA0b18zZy0jIQx+ExRVCR/ZQpBmik5lXshNsw==",
      "license": "Apache-2.0"
    },
    "node_modules/fast-unique-numbers": {
      "version": "9.0.24",
      "resolved": "https://registry.npmjs.org/fast-unique-numbers/-/fast-unique-numbers-9.0.24.tgz",
      "integrity": "sha512-Dv0BYn4waOWse94j16rsZ5w/0zoaCa74O3q6IZjMqaXbtT92Q+Sb6pPk+phGzD8Xh+nueQmSRI3tSCaHKidzKw==",
      "license": "MIT",
      "dependencies": {
        "@babel/runtime": "^7.28.4",
        "tslib": "^2.8.1"
      },
      "engines": {
        "node": ">=18.2.0"
      }
    },
    "node_modules/lamejs": {
      "version": "1.2.1",
      "resolved": "git+ssh://git@github.com/zhuker/lamejs.git#582bbba6a12f981b984d8fb9e1874499fed85675",
      "integrity": "sha512-nI39xY6IGQ4uzuFYHCt0jDziGBaYWMyrGrMcVyA/Ri6P9hkHmHThMLr0PELOPigRcEvbv2DuGtQuks56UwSZ8w==",
      "license": "LGPL-3.0",
      "dependencies": {
        "use-strict": "1.0.1"
      }
    },
    "node_modules/lodash-es": {
      "version": "4.17.21",
      "resolved": "https://registry.npmjs.org/lodash-es/-/lodash-es-4.17.21.tgz",
      "integrity": "sha512-mKnC+QJ9pWVzv+C4/U3rRsHapFfHvQFoFB92e52xeyGMcX6/OlIl78je1u8vePzYZSkkogMPJ2yjxxsb89cxyw==",
      "license": "MIT"
    },
    "node_modules/lodash.clonedeep": {
      "version": "4.5.0",
      "resolved": "https://registry.npmjs.org/lodash.clonedeep/-/lodash.clonedeep-4.5.0.tgz",
      "integrity": "sha512-H5ZhCF25riFd9uB5UCkVKo61m3S/xZk1x4wA6yp/L3RFP6Z/eHH1ymQcGLo7J3GMPfm0V/7m1tryHuGVxpqEBQ==",
      "license": "MIT"
    },
    "node_modules/lodash.isequal": {
      "version": "4.5.0",
      "resolved": "https://registry.npmjs.org/lodash.isequal/-/lodash.isequal-4.5.0.tgz",
      "integrity": "sha512-pDo3lu8Jhfjqls6GkMgpahsF9kCyayhgykjyLMNFTKWrpVdAQtYyB4muAMWozBB4ig/dtWAmsMxLEI8wuz+DYQ==",
      "license": "MIT"
    },
    "node_modules/media-encoder-host": {
      "version": "9.0.23",
      "resolved": "https://registry.npmjs.org/media-encoder-host/-/media-encoder-host-9.0.23.tgz",
      "integrity": "sha512-RwbZPP+RpuSWmAREOvyQLwsGqGxUHdBCmaWaQejrpOUzoFV05Xws71gHL9GszsF1W5zz2U/13+3i0aBC+mHGOg==",
      "license": "MIT",
      "dependencies": {
        "@babel/runtime": "^7.28.4",
        "media-encoder-host-broker": "^8.0.22",
        "media-encoder-host-worker": "^10.0.22",
        "tslib": "^2.8.1"
      }
    },
    "node_modules/media-encoder-host-broker": {
      "version": "8.0.22",
      "resolved": "https://registry.npmjs.org/media-encoder-host-broker/-/media-encoder-host-broker-8.0.22.tgz",
      "integrity": "sha512-c/JeVViD6WBh99PqEkhS85Lf/ZOe3FvNEu+rdWfRMIDg4tqrgZCGwuh/eiyv0kbQNRlNSEvJw0GbyHlkWt9TfQ==",
      "license": "MIT",
      "dependencies": {
        "@babel/runtime": "^7.28.4",
        "broker-factory": "^3.1.10",
        "fast-unique-numbers": "^9.0.24",
        "media-encoder-host-worker": "^10.0.22",
        "tslib": "^2.8.1"
      }
    },
    "node_modules/media-encoder-host-worker": {
      "version": "10.0.22",
      "resolved": "https://registry.npmjs.org/media-encoder-host-worker/-/media-encoder-host-worker-10.0.22.tgz",
      "integrity": "sha512-xoIBkv2aCFTkO1VnQEThD+55yqUcqdbLHXLyLihes1r65JN8qRemOK8gElyl3rUnhm8gaw1egLhwpy7+wp1zXw==",
      "license": "MIT",
      "dependencies": {
        "@babel/runtime": "^7.28.4",
        "extendable-media-recorder-wav-encoder-broker": "^7.0.122",
        "tslib": "^2.8.1",
        "worker-factory": "^7.0.46"
      }
    },
    "node_modules/multi-buffer-data-view": {
      "version": "6.0.24",
      "resolved": "https://registry.npmjs.org/multi-buffer-data-view/-/multi-buffer-data-view-6.0.24.tgz",
      "integrity": "sha512-cz5S5YlGBhQQpiaajm+gy49ydWQtnwCQnqmyFpHu17psNSI0PXzsEhhGoCRynPhjGy6Sbu0Hvb3Ja5X3Wk3bJA==",
      "license": "MIT",
      "dependencies": {
        "@babel/runtime": "^7.28.4",
        "tslib": "^2.8.1"
      },
      "engines": {
        "node": ">=18.2.0"
      }
    },
    "node_modules/parchment": {
      "version": "3.0.0",
      "resolved": "https://registry.npmjs.org/parchment/-/parchment-3.0.0.tgz",
      "integrity": "sha512-HUrJFQ/StvgmXRcQ1ftY6VEZUq3jA2t9ncFN4F84J/vN0/FPpQF+8FKXb3l6fLces6q0uOHj6NJn+2xvZnxO6A==",
      "license": "BSD-3-Clause"
    },
    "node_modules/quill": {
      "version": "2.0.3",
      "resolved": "https://registry.npmjs.org/quill/-/quill-2.0.3.tgz",
      "integrity": "sha512-xEYQBqfYx/sfb33VJiKnSJp8ehloavImQ2A6564GAbqG55PGw1dAWUn1MUbQB62t0azawUS2CZZhWCjO8gRvTw==",
      "license": "BSD-3-Clause",
      "dependencies": {
        "eventemitter3": "^5.0.1",
        "lodash-es": "^4.17.21",
        "parchment": "^3.0.0",
        "quill-delta": "^5.1.0"
      },
      "engines": {
        "npm": ">=8.2.3"
      }
    },
    "node_modules/quill-delta": {
      "version": "5.1.0",
      "resolved": "https://registry.npmjs.org/quill-delta/-/quill-delta-5.1.0.tgz",
      "integrity": "sha512-X74oCeRI4/p0ucjb5Ma8adTXd9Scumz367kkMK5V/IatcX6A0vlgLgKbzXWy5nZmCGeNJm2oQX0d2Eqj+ZIlCA==",
      "license": "MIT",
      "dependencies": {
        "fast-diff": "^1.3.0",
        "lodash.clonedeep": "^4.5.0",
        "lodash.isequal": "^4.5.0"
      },
      "engines": {
        "node": ">= 12.0.0"
      }
    },
    "node_modules/quill-image-compress": {
      "version": "2.0.3",
      "resolved": "https://registry.npmjs.org/quill-image-compress/-/quill-image-compress-2.0.3.tgz",
      "integrity": "sha512-2kHzaLRXFZgbuCXLtj/f7Pvo9bpfwpvJp874Cz+sGOzjLZccQ8RwNdTpmd4tb2bfS5CxV9/qCykEZwVdzBvBjw==",
      "license": "MIT",
      "peerDependencies": {
        "quill": "^2.0.2"
      }
    },
    "node_modules/recorder-audio-worklet": {
      "version": "6.0.51",
      "resolved": "https://registry.npmjs.org/recorder-audio-worklet/-/recorder-audio-worklet-6.0.51.tgz",
      "integrity": "sha512-Gv1WrfGd1zOeu4pvUZmaRZCrW1oLIb+WP+W5/FyyFfQVPu/Y0B40zKYnmuXQtrS0v8B5dvlmTiTQqXxjHf/2vA==",
      "license": "MIT",
      "dependencies": {
        "@babel/runtime": "^7.28.4",
        "broker-factory": "^3.1.10",
        "fast-unique-numbers": "^9.0.24",
        "recorder-audio-worklet-processor": "^5.0.37",
        "standardized-audio-context": "^25.3.77",
        "subscribable-things": "^2.1.55",
        "tslib": "^2.8.1",
        "worker-factory": "^7.0.46"
      }
    },
    "node_modules/recorder-audio-worklet-processor": {
      "version": "5.0.37",
      "resolved": "https://registry.npmjs.org/recorder-audio-worklet-processor/-/recorder-audio-worklet-processor-5.0.37.tgz",
      "integrity": "sha512-qVvw6Mt5CDijDWlsc6auZ6ZFWlZXo+y5HB1jyeE3OFS7ffry66iN4ZFRc7S9Du0FsVoQY1uchTUMrSIRPX7+ng==",
      "license": "MIT",
      "dependencies": {
        "@babel/runtime": "^7.28.4",
        "tslib": "^2.8.1"
      }
    },
    "node_modules/rxjs-interop": {
      "version": "2.0.0",
      "resolved": "https://registry.npmjs.org/rxjs-interop/-/rxjs-interop-2.0.0.tgz",
      "integrity": "sha512-ASEq9atUw7lualXB+knvgtvwkCEvGWV2gDD/8qnASzBkzEARZck9JAyxmY8OS6Nc1pCPEgDTKNcx+YqqYfzArw==",
      "license": "MIT"
    },
    "node_modules/standardized-audio-context": {
      "version": "25.3.77",
      "resolved": "https://registry.npmjs.org/standardized-audio-context/-/standardized-audio-context-25.3.77.tgz",
      "integrity": "sha512-Ki9zNz6pKcC5Pi+QPjPyVsD9GwJIJWgryji0XL9cAJXMGyn+dPOf6Qik1AHei0+UNVcc4BOCa0hWLBzlwqsW/A==",
      "license": "MIT",
      "dependencies": {
        "@babel/runtime": "^7.25.6",
        "automation-events": "^7.0.9",
        "tslib": "^2.7.0"
      }
    },
    "node_modules/subscribable-things": {
      "version": "2.1.55",
      "resolved": "https://registry.npmjs.org/subscribable-things/-/subscribable-things-2.1.55.tgz",
      "integrity": "sha512-WBx7R/NJYPOGX+cRpruSTFOYsMWOKBx+4cRKf0IowVXFGNDb2dF+215rwKtwk4eAa+QAv4HyTjL8jj/9Ks05pw==",
      "license": "MIT",
      "dependencies": {
        "@babel/runtime": "^7.28.4",
        "rxjs-interop": "^2.0.0",
        "tslib": "^2.8.1"
      }
    },
    "node_modules/tslib": {
      "version": "2.8.1",
      "resolved": "https://registry.npmjs.org/tslib/-/tslib-2.8.1.tgz",
      "integrity": "sha512-oJFu94HQb+KVduSUQL7wnpmqnfmLsOA/nAh6b6EH0wCEoK0/mPeXU6c3wKDV83MkOuHPRHtSXKKU99IBazS/2w=="
    },
    "node_modules/use-strict": {
      "version": "1.0.1",
      "resolved": "https://registry.npmjs.org/use-strict/-/use-strict-1.0.1.tgz",
      "integrity": "sha512-IeiWvvEXfW5ltKVMkxq6FvNf2LojMKvB2OCeja6+ct24S1XOmQw2dGr2JyndwACWAGJva9B7yPHwAmeA9QCqAQ=="
    },
    "node_modules/worker-factory": {
      "version": "7.0.46",
      "resolved": "https://registry.npmjs.org/worker-factory/-/worker-factory-7.0.46.tgz",
      "integrity": "sha512-Sr1hq2FMgNa04UVhYQacsw+i58BtMimzDb4+CqYphZ97OfefRpURu0UZ+JxMr/H36VVJBfuVkxTK7MytsanC3w==",
      "license": "MIT",
      "dependencies": {
        "@babel/runtime": "^7.28.4",
        "fast-unique-numbers": "^9.0.24",
        "tslib": "^2.8.1"
      }
    }
  }
}
